
Microsoft Visual Studio Solution File, Format Version 12.00
# Visual Studio 14
VisualStudioVersion = 14.0.23107.0
MinimumVisualStudioVersion = 10.0.40219.1
Project("{F2A71F9B-5D33-465A-A702-920D77279786}") = "Problem0", "Problem0\Problem0.fsproj", "{5CEEEBE4-A484-44B2-9AD1-E20FCF6309DB}"
EndProject
Global
	GlobalSection(SolutionConfigurationPlatforms) = preSolution
		Debug|Any CPU = Debug|Any CPU
		Release|Any CPU = Release|Any CPU
	EndGlobalSection
	GlobalSection(ProjectConfigurationPlatforms) = postSolution
		{5CEEEBE4-A484-44B2-9AD1-E20FCF6309DB}.Debug|Any CPU.ActiveCfg = Debug|Any CPU
		{5CEEEBE4-A484-44B2-9AD1-E20FCF6309DB}.Debug|Any CPU.Build.0 = Debug|Any CPU
		{5CEEEBE4-A484-44B2-9AD1-E20FCF6309DB}.Release|Any CPU.ActiveCfg = Release|Any CPU
		{5CEEEBE4-A484-44B2-9AD1-E20FCF6309DB}.Release|Any CPU.Build.0 = Release|Any CPU
	EndGlobalSection
	GlobalSection(SolutionProperties) = preSolution
		HideSolutionNode = FALSE
	EndGlobalSection
EndGlobal
